# This file is automatically @generated by Cargo.
# It is not intended for manual editing.
[[package]]
name = "base-x"
version = "0.2.5"
source = "registry+https://github.com/rust-lang/crates.io-index"

[[package]]
name = "lexer"
version = "0.1.0"
dependencies = [
 "base-x 0.2.5 (registry+https://github.com/rust-lang/crates.io-index)",
]

[metadata]
"checksum base-x 0.2.5 (registry+https://github.com/rust-lang/crates.io-index)" = "76f4eae81729e69bb1819a26c6caac956cc429238388091f98cb6cd858f16443"
